// !$*UTF8*$!
{
	archiveVersion = 1;
	classes = {
	};
	objectVersion = 55;
	objects = {

/* Begin PBXBuildFile section */
		F50187E427DED42F0004AE57 /* AnimationDemoApp.swift in Sources */ = {isa = PBXBuildFile; fileRef = F50187E327DED42F0004AE57 /* AnimationDemoApp.swift */; };
		F50187E627DED42F0004AE57 /* ContentView.swift in Sources */ = {isa = PBXBuildFile; fileRef = F50187E527DED42F0004AE57 /* ContentView.swift */; };
		F50187E827DED4300004AE57 /* Assets.xcassets in Resources */ = {isa = PBXBuildFile; fileRef = F50187E727DED4300004AE57 /* Assets.xcassets */; };
		F50187EB27DED4300004AE57 /* Preview Assets.xcassets in Resources */ = {isa = PBXBuildFile; fileRef = F50187EA27DED4300004AE57 /* Preview Assets.xcassets */; };
		F50187F027DED5450004AE57 /* Animation1.swift in Sources */ = {isa = PBXBuildFile; fileRef = F50187EF27DED5450004AE57 /* Animation1.swift */; };
		F50187F227DEDA750004AE57 /* Animation2.swift in Sources */ = {isa = PBXBuildFile; fileRef = F50187F127DEDA750004AE57 /* Animation2.swift */; };
		F50187F427DEDF280004AE57 /* Animation3.swift in Sources */ = {isa = PBXBuildFile; fileRef = F50187F327DEDF280004AE57 /* Animation3.swift */; };
		F52F1EA727D5A65000CF5EA4 /* Styles.swift in Sources */ = {isa = PBXBuildFile; fileRef = F52F1EA627D5A65000CF5EA4 /* Styles.swift */; };
		F558DE0C27D4FC5A0081DA20 /* AppStoreApp.swift in Sources */ = {isa = PBXBuildFile; fileRef = F558DE0B27D4FC5A0081DA20 /* AppStoreApp.swift */; };
		F558DE1027D4FC5B0081DA20 /* Assets.xcassets in Resources */ = {isa = PBXBuildFile; fileRef = F558DE0F27D4FC5B0081DA20 /* Assets.xcassets */; };
		F558DE1327D4FC5B0081DA20 /* Preview Assets.xcassets in Resources */ = {isa = PBXBuildFile; fileRef = F558DE1227D4FC5B0081DA20 /* Preview Assets.xcassets */; };
		F558DE1D27D4FC5B0081DA20 /* AppStoreTests.swift in Sources */ = {isa = PBXBuildFile; fileRef = F558DE1C27D4FC5B0081DA20 /* AppStoreTests.swift */; };
		F558DE2727D4FC5B0081DA20 /* AppStoreUITests.swift in Sources */ = {isa = PBXBuildFile; fileRef = F558DE2627D4FC5B0081DA20 /* AppStoreUITests.swift */; };
		F558DE2927D4FC5B0081DA20 /* AppStoreUITestsLaunchTests.swift in Sources */ = {isa = PBXBuildFile; fileRef = F558DE2827D4FC5B0081DA20 /* AppStoreUITestsLaunchTests.swift */; };
		F5B9682F27DDD73A00D92253 /* AppInfo.swift in Sources */ = {isa = PBXBuildFile; fileRef = F5B9682E27DDD73A00D92253 /* AppInfo.swift */; };
		F5B9683127DDF40800D92253 /* Animations.swift in Sources */ = {isa = PBXBuildFile; fileRef = F5B9683027DDF40800D92253 /* Animations.swift */; };
		F5DC7C1F2802D4600063B3C7 /* ContentView.swift in Sources */ = {isa = PBXBuildFile; fileRef = F5DC7C192802D4600063B3C7 /* ContentView.swift */; };
		F5DC7C202802D4600063B3C7 /* ProfileView.swift in Sources */ = {isa = PBXBuildFile; fileRef = F5DC7C1A2802D4600063B3C7 /* ProfileView.swift */; };
		F5DC7C212802D4600063B3C7 /* AppCardView.swift in Sources */ = {isa = PBXBuildFile; fileRef = F5DC7C1B2802D4600063B3C7 /* AppCardView.swift */; };
		F5DC7C222802D4600063B3C7 /* AppearanceSetView.swift in Sources */ = {isa = PBXBuildFile; fileRef = F5DC7C1C2802D4600063B3C7 /* AppearanceSetView.swift */; };
		F5DC7C232802D4600063B3C7 /* TodayView.swift in Sources */ = {isa = PBXBuildFile; fileRef = F5DC7C1D2802D4600063B3C7 /* TodayView.swift */; };
		F5DC7C242802D4600063B3C7 /* AppDetailView.swift in Sources */ = {isa = PBXBuildFile; fileRef = F5DC7C1E2802D4600063B3C7 /* AppDetailView.swift */; };
		F5DC7C292802D46B0063B3C7 /* AppSettings.swift in Sources */ = {isa = PBXBuildFile; fileRef = F5DC7C252802D46B0063B3C7 /* AppSettings.swift */; };
		F5DC7C2A2802D46B0063B3C7 /* ThemeData.swift in Sources */ = {isa = PBXBuildFile; fileRef = F5DC7C262802D46B0063B3C7 /* ThemeData.swift */; };
		F5DC7C2C2802D46B0063B3C7 /* ThemeModel.swift in Sources */ = {isa = PBXBuildFile; fileRef = F5DC7C282802D46B0063B3C7 /* ThemeModel.swift */; };
/* End PBXBuildFile section */

/* Begin PBXContainerItemProxy section */
		F558DE1927D4FC5B0081DA20 /* PBXContainerItemProxy */ = {
			isa = PBXContainerItemProxy;
			containerPortal = F558DE0027D4FC5A0081DA20 /* Project object */;
			proxyType = 1;
			remoteGlobalIDString = F558DE0727D4FC5A0081DA20;
			remoteInfo = AppStore;
		};
		F558DE2327D4FC5B0081DA20 /* PBXContainerItemProxy */ = {
			isa = PBXContainerItemProxy;
			containerPortal = F558DE0027D4FC5A0081DA20 /* Project object */;
			proxyType = 1;
			remoteGlobalIDString = F558DE0727D4FC5A0081DA20;
			remoteInfo = AppStore;
		};
/* End PBXContainerItemProxy section */

/* Begin PBXFileReference section */
		F50187E127DED42F0004AE57 /* AnimationDemo.app */ = {isa = PBXFileReference; explicitFileType = wrapper.application; includeInIndex = 0; path = AnimationDemo.app; sourceTree = BUILT_PRODUCTS_DIR; };
		F50187E327DED42F0004AE57 /* AnimationDemoApp.swift */ = {isa = PBXFileReference; lastKnownFileType = sourcecode.swift; path = AnimationDemoApp.swift; sourceTree = "<group>"; };
		F50187E527DED42F0004AE57 /* ContentView.swift */ = {isa = PBXFileReference; lastKnownFileType = sourcecode.swift; path = ContentView.swift; sourceTree = "<group>"; };
		F50187E727DED4300004AE57 /* Assets.xcassets */ = {isa = PBXFileReference; lastKnownFileType = folder.assetcatalog; path = Assets.xcassets; sourceTree = "<group>"; };
		F50187EA27DED4300004AE57 /* Preview Assets.xcassets */ = {isa = PBXFileReference; lastKnownFileType = folder.assetcatalog; path = "Preview Assets.xcassets"; sourceTree = "<group>"; };
		F50187EF27DED5450004AE57 /* Animation1.swift */ = {isa = PBXFileReference; lastKnownFileType = sourcecode.swift; path = Animation1.swift; sourceTree = "<group>"; };
		F50187F127DEDA750004AE57 /* Animation2.swift */ = {isa = PBXFileReference; lastKnownFileType = sourcecode.swift; path = Animation2.swift; sourceTree = "<group>"; };
		F50187F327DEDF280004AE57 /* Animation3.swift */ = {isa = PBXFileReference; lastKnownFileType = sourcecode.swift; path = Animation3.swift; sourceTree = "<group>"; };
		F52F1EA627D5A65000CF5EA4 /* Styles.swift */ = {isa = PBXFileReference; lastKnownFileType = sourcecode.swift; path = Styles.swift; sourceTree = "<group>"; };
		F558DE0827D4FC5A0081DA20 /* MyAppStore.app */ = {isa = PBXFileReference; explicitFileType = wrapper.application; includeInIndex = 0; path = MyAppStore.app; sourceTree = BUILT_PRODUCTS_DIR; };
		F558DE0B27D4FC5A0081DA20 /* AppStoreApp.swift */ = {isa = PBXFileReference; lastKnownFileType = sourcecode.swift; path = AppStoreApp.swift; sourceTree = "<group>"; };
		F558DE0F27D4FC5B0081DA20 /* Assets.xcassets */ = {isa = PBXFileReference; lastKnownFileType = folder.assetcatalog; path = Assets.xcassets; sourceTree = "<group>"; };
		F558DE1227D4FC5B0081DA20 /* Preview Assets.xcassets */ = {isa = PBXFileReference; lastKnownFileType = folder.assetcatalog; path = "Preview Assets.xcassets"; sourceTree = "<group>"; };
		F558DE1827D4FC5B0081DA20 /* AppStoreTests.xctest */ = {isa = PBXFileReference; explicitFileType = wrapper.cfbundle; includeInIndex = 0; path = AppStoreTests.xctest; sourceTree = BUILT_PRODUCTS_DIR; };
		F558DE1C27D4FC5B0081DA20 /* AppStoreTests.swift */ = {isa = PBXFileReference; lastKnownFileType = sourcecode.swift; path = AppStoreTests.swift; sourceTree = "<group>"; };
		F558DE2227D4FC5B0081DA20 /* AppStoreUITests.xctest */ = {isa = PBXFileReference; explicitFileType = wrapper.cfbundle; includeInIndex = 0; path = AppStoreUITests.xctest; sourceTree = BUILT_PRODUCTS_DIR; };
		F558DE2627D4FC5B0081DA20 /* AppStoreUITests.swift */ = {isa = PBXFileReference; lastKnownFileType = sourcecode.swift; path = AppStoreUITests.swift; sourceTree = "<group>"; };
		F558DE2827D4FC5B0081DA20 /* AppStoreUITestsLaunchTests.swift */ = {isa = PBXFileReference; lastKnownFileType = sourcecode.swift; path = AppStoreUITestsLaunchTests.swift; sourceTree = "<group>"; };
		F5B9682E27DDD73A00D92253 /* AppInfo.swift */ = {isa = PBXFileReference; lastKnownFileType = sourcecode.swift; path = AppInfo.swift; sourceTree = "<group>"; };
		F5B9683027DDF40800D92253 /* Animations.swift */ = {isa = PBXFileReference; lastKnownFileType = sourcecode.swift; path = Animations.swift; sourceTree = "<group>"; };
		F5DC7C192802D4600063B3C7 /* ContentView.swift */ = {isa = PBXFileReference; fileEncoding = 4; lastKnownFileType = sourcecode.swift; path = ContentView.swift; sourceTree = "<group>"; };
		F5DC7C1A2802D4600063B3C7 /* ProfileView.swift */ = {isa = PBXFileReference; fileEncoding = 4; lastKnownFileType = sourcecode.swift; path = ProfileView.swift; sourceTree = "<group>"; };
		F5DC7C1B2802D4600063B3C7 /* AppCardView.swift */ = {isa = PBXFileReference; fileEncoding = 4; lastKnownFileType = sourcecode.swift; path = AppCardView.swift; sourceTree = "<group>"; };
		F5DC7C1C2802D4600063B3C7 /* AppearanceSetView.swift */ = {isa = PBXFileReference; fileEncoding = 4; lastKnownFileType = sourcecode.swift; path = AppearanceSetView.swift; sourceTree = "<group>"; };
		F5DC7C1D2802D4600063B3C7 /* TodayView.swift */ = {isa = PBXFileReference; fileEncoding = 4; lastKnownFileType = sourcecode.swift; path = TodayView.swift; sourceTree = "<group>"; };
		F5DC7C1E2802D4600063B3C7 /* AppDetailView.swift */ = {isa = PBXFileReference; fileEncoding = 4; lastKnownFileType = sourcecode.swift; path = AppDetailView.swift; sourceTree = "<group>"; };
		F5DC7C252802D46B0063B3C7 /* AppSettings.swift */ = {isa = PBXFileReference; fileEncoding = 4; lastKnownFileType = sourcecode.swift; path = AppSettings.swift; sourceTree = "<group>"; };
		F5DC7C262802D46B0063B3C7 /* ThemeData.swift */ = {isa = PBXFileReference; fileEncoding = 4; lastKnownFileType = sourcecode.swift; path = ThemeData.swift; sourceTree = "<group>"; };
		F5DC7C282802D46B0063B3C7 /* ThemeModel.swift */ = {isa = PBXFileReference; fileEncoding = 4; lastKnownFileType = sourcecode.swift; path = ThemeModel.swift; sourceTree = "<group>"; };
/* End PBXFileReference section */

/* Begin PBXFrameworksBuildPhase section */
		F50187DE27DED42F0004AE57 /* Frameworks */ = {
			isa = PBXFrameworksBuildPhase;
			buildActionMask = 2147483647;
			files = (
			);
			runOnlyForDeploymentPostprocessing = 0;
		};
		F558DE0527D4FC5A0081DA20 /* Frameworks */ = {
			isa = PBXFrameworksBuildPhase;
			buildActionMask = 2147483647;
			files = (
			);
			runOnlyForDeploymentPostprocessing = 0;
		};
		F558DE1527D4FC5B0081DA20 /* Frameworks */ = {
			isa = PBXFrameworksBuildPhase;
			buildActionMask = 2147483647;
			files = (
			);
			runOnlyForDeploymentPostprocessing = 0;
		};
		F558DE1F27D4FC5B0081DA20 /* Frameworks */ = {
			isa = PBXFrameworksBuildPhase;
			buildActionMask = 2147483647;
			files = (
			);
			runOnlyForDeploymentPostprocessing = 0;
		};
/* End PBXFrameworksBuildPhase section */

/* Begin PBXGroup section */
		F50187E227DED42F0004AE57 /* AnimationDemo */ = {
			isa = PBXGroup;
			children = (
				F50187E327DED42F0004AE57 /* AnimationDemoApp.swift */,
				F50187E527DED42F0004AE57 /* ContentView.swift */,
				F50187EF27DED5450004AE57 /* Animation1.swift */,
				F50187F127DEDA750004AE57 /* Animation2.swift */,
				F50187F327DEDF280004AE57 /* Animation3.swift */,
				F50187E727DED4300004AE57 /* Assets.xcassets */,
				F50187E927DED4300004AE57 /* Preview Content */,
			);
			path = AnimationDemo;
			sourceTree = "<group>";
		};
		F50187E927DED4300004AE57 /* Preview Content */ = {
			isa = PBXGroup;
			children = (
				F50187EA27DED4300004AE57 /* Preview Assets.xcassets */,
			);
			path = "Preview Content";
			sourceTree = "<group>";
		};
		F558DDFF27D4FC5A0081DA20 = {
			isa = PBXGroup;
			children = (
				F558DE0A27D4FC5A0081DA20 /* AppStore */,
				F558DE1B27D4FC5B0081DA20 /* AppStoreTests */,
				F558DE2527D4FC5B0081DA20 /* AppStoreUITests */,
				F50187E227DED42F0004AE57 /* AnimationDemo */,
				F558DE0927D4FC5A0081DA20 /* Products */,
			);
			sourceTree = "<group>";
		};
		F558DE0927D4FC5A0081DA20 /* Products */ = {
			isa = PBXGroup;
			children = (
				F558DE0827D4FC5A0081DA20 /* MyAppStore.app */,
				F558DE1827D4FC5B0081DA20 /* AppStoreTests.xctest */,
				F558DE2227D4FC5B0081DA20 /* AppStoreUITests.xctest */,
				F50187E127DED42F0004AE57 /* AnimationDemo.app */,
			);
			name = Products;
			sourceTree = "<group>";
		};
		F558DE0A27D4FC5A0081DA20 /* AppStore */ = {
			isa = PBXGroup;
			children = (
				F558DE0B27D4FC5A0081DA20 /* AppStoreApp.swift */,
				F5B9682C27DCDBD900D92253 /* Views */,
				F5B9682B27DCD73100D92253 /* Model */,
				F5B9682D27DCDC0900D92253 /* Styles */,
				F558DE0F27D4FC5B0081DA20 /* Assets.xcassets */,
				F558DE1127D4FC5B0081DA20 /* Preview Content */,
			);
			path = AppStore;
			sourceTree = "<group>";
		};
		F558DE1127D4FC5B0081DA20 /* Preview Content */ = {
			isa = PBXGroup;
			children = (
				F558DE1227D4FC5B0081DA20 /* Preview Assets.xcassets */,
			);
			path = "Preview Content";
			sourceTree = "<group>";
		};
		F558DE1B27D4FC5B0081DA20 /* AppStoreTests */ = {
			isa = PBXGroup;
			children = (
				F558DE1C27D4FC5B0081DA20 /* AppStoreTests.swift */,
			);
			path = AppStoreTests;
			sourceTree = "<group>";
		};
		F558DE2527D4FC5B0081DA20 /* AppStoreUITests */ = {
			isa = PBXGroup;
			children = (
				F558DE2627D4FC5B0081DA20 /* AppStoreUITests.swift */,
				F558DE2827D4FC5B0081DA20 /* AppStoreUITestsLaunchTests.swift */,
			);
			path = AppStoreUITests;
			sourceTree = "<group>";
		};
		F5B9682B27DCD73100D92253 /* Model */ = {
			isa = PBXGroup;
			children = (
				F5DC7C252802D46B0063B3C7 /* AppSettings.swift */,
				F5DC7C262802D46B0063B3C7 /* ThemeData.swift */,
				F5DC7C282802D46B0063B3C7 /* ThemeModel.swift */,
				F5B9682E27DDD73A00D92253 /* AppInfo.swift */,
			);
			path = Model;
			sourceTree = "<group>";
		};
		F5B9682C27DCDBD900D92253 /* Views */ = {
			isa = PBXGroup;
			children = (
				F5DC7C192802D4600063B3C7 /* ContentView.swift */,
				F5DC7C1B2802D4600063B3C7 /* AppCardView.swift */,
				F5DC7C1D2802D4600063B3C7 /* TodayView.swift */,
				F5DC7C1E2802D4600063B3C7 /* AppDetailView.swift */,
				F5DC7C1A2802D4600063B3C7 /* ProfileView.swift */,
				F5DC7C1C2802D4600063B3C7 /* AppearanceSetView.swift */,
			);
			path = Views;
			sourceTree = "<group>";
		};
		F5B9682D27DCDC0900D92253 /* Styles */ = {
			isa = PBXGroup;
			children = (
				F52F1EA627D5A65000CF5EA4 /* Styles.swift */,
				F5B9683027DDF40800D92253 /* Animations.swift */,
			);
			path = Styles;
			sourceTree = "<group>";
		};
/* End PBXGroup section */

/* Begin PBXNativeTarget section */
		F50187E027DED42F0004AE57 /* AnimationDemo */ = {
			isa = PBXNativeTarget;
			buildConfigurationList = F50187EC27DED4300004AE57 /* Build configuration list for PBXNativeTarget "AnimationDemo" */;
			buildPhases = (
				F50187DD27DED42F0004AE57 /* Sources */,
				F50187DE27DED42F0004AE57 /* Frameworks */,
				F50187DF27DED42F0004AE57 /* Resources */,
			);
			buildRules = (
			);
			dependencies = (
			);
			name = AnimationDemo;
			productName = AnimationDemo;
			productReference = F50187E127DED42F0004AE57 /* AnimationDemo.app */;
			productType = "com.apple.product-type.application";
		};
		F558DE0727D4FC5A0081DA20 /* AppStore */ = {
			isa = PBXNativeTarget;
			buildConfigurationList = F558DE2C27D4FC5B0081DA20 /* Build configuration list for PBXNativeTarget "AppStore" */;
			buildPhases = (
				F558DE0427D4FC5A0081DA20 /* Sources */,
				F558DE0527D4FC5A0081DA20 /* Frameworks */,
				F558DE0627D4FC5A0081DA20 /* Resources */,
			);
			buildRules = (
			);
			dependencies = (
			);
			name = AppStore;
			productName = AppStore;
			productReference = F558DE0827D4FC5A0081DA20 /* MyAppStore.app */;
			productType = "com.apple.product-type.application";
		};
		F558DE1727D4FC5B0081DA20 /* AppStoreTests */ = {
			isa = PBXNativeTarget;
			buildConfigurationList = F558DE2F27D4FC5B0081DA20 /* Build configuration list for PBXNativeTarget "AppStoreTests" */;
			buildPhases = (
				F558DE1427D4FC5B0081DA20 /* Sources */,
				F558DE1527D4FC5B0081DA20 /* Frameworks */,
				F558DE1627D4FC5B0081DA20 /* Resources */,
			);
			buildRules = (
			);
			dependencies = (
				F558DE1A27D4FC5B0081DA20 /* PBXTargetDependency */,
			);
			name = AppStoreTests;
			productName = AppStoreTests;
			productReference = F558DE1827D4FC5B0081DA20 /* AppStoreTests.xctest */;
			productType = "com.apple.product-type.bundle.unit-test";
		};
		F558DE2127D4FC5B0081DA20 /* AppStoreUITests */ = {
			isa = PBXNativeTarget;
			buildConfigurationList = F558DE3227D4FC5B0081DA20 /* Build configuration list for PBXNativeTarget "AppStoreUITests" */;
			buildPhases = (
				F558DE1E27D4FC5B0081DA20 /* Sources */,
				F558DE1F27D4FC5B0081DA20 /* Frameworks */,
				F558DE2027D4FC5B0081DA20 /* Resources */,
			);
			buildRules = (
			);
			dependencies = (
				F558DE2427D4FC5B0081DA20 /* PBXTargetDependency */,
			);
			name = AppStoreUITests;
			productName = AppStoreUITests;
			productReference = F558DE2227D4FC5B0081DA20 /* AppStoreUITests.xctest */;
			productType = "com.apple.product-type.bundle.ui-testing";
		};
/* End PBXNativeTarget section */

/* Begin PBXProject section */
		F558DE0027D4FC5A0081DA20 /* Project object */ = {
			isa = PBXProject;
			attributes = {
				BuildIndependentTargetsInParallel = 1;
				LastSwiftUpdateCheck = 1320;
				LastUpgradeCheck = 1320;
				TargetAttributes = {
					F50187E027DED42F0004AE57 = {
						CreatedOnToolsVersion = 13.2.1;
					};
					F558DE0727D4FC5A0081DA20 = {
						CreatedOnToolsVersion = 13.2.1;
					};
					F558DE1727D4FC5B0081DA20 = {
						CreatedOnToolsVersion = 13.2.1;
						TestTargetID = F558DE0727D4FC5A0081DA20;
					};
					F558DE2127D4FC5B0081DA20 = {
						CreatedOnToolsVersion = 13.2.1;
						TestTargetID = F558DE0727D4FC5A0081DA20;
					};
				};
			};
			buildConfigurationList = F558DE0327D4FC5A0081DA20 /* Build configuration list for PBXProject "AppStore" */;
			compatibilityVersion = "Xcode 13.0";
			developmentRegion = en;
			hasScannedForEncodings = 0;
			knownRegions = (
				en,
				Base,
			);
			mainGroup = F558DDFF27D4FC5A0081DA20;
			productRefGroup = F558DE0927D4FC5A0081DA20 /* Products */;
			projectDirPath = "";
			projectRoot = "";
			targets = (
				F558DE0727D4FC5A0081DA20 /* AppStore */,
				F558DE1727D4FC5B0081DA20 /* AppStoreTests */,
				F558DE2127D4FC5B0081DA20 /* AppStoreUITests */,
				F50187E027DED42F0004AE57 /* AnimationDemo */,
			);
		};
/* End PBXProject section */

/* Begin PBXResourcesBuildPhase section */
		F50187DF27DED42F0004AE57 /* Resources */ = {
			isa = PBXResourcesBuildPhase;
			buildActionMask = 2147483647;
			files = (
				F50187EB27DED4300004AE57 /* Preview Assets.xcassets in Resources */,
				F50187E827DED4300004AE57 /* Assets.xcassets in Resources */,
			);
			runOnlyForDeploymentPostprocessing = 0;
		};
		F558DE0627D4FC5A0081DA20 /* Resources */ = {
			isa = PBXResourcesBuildPhase;
			buildActionMask = 2147483647;
			files = (
				F558DE1327D4FC5B0081DA20 /* Preview Assets.xcassets in Resources */,
				F558DE1027D4FC5B0081DA20 /* Assets.xcassets in Resources */,
			);
			runOnlyForDeploymentPostprocessing = 0;
		};
		F558DE1627D4FC5B0081DA20 /* Resources */ = {
			isa = PBXResourcesBuildPhase;
			buildActionMask = 2147483647;
			files = (
			);
			runOnlyForDeploymentPostprocessing = 0;
		};
		F558DE2027D4FC5B0081DA20 /* Resources */ = {
			isa = PBXResourcesBuildPhase;
			buildActionMask = 2147483647;
			files = (
			);
			runOnlyForDeploymentPostprocessing = 0;
		};
/* End PBXResourcesBuildPhase section */

/* Begin PBXSourcesBuildPhase section */
		F50187DD27DED42F0004AE57 /* Sources */ = {
			isa = PBXSourcesBuildPhase;
			buildActionMask = 2147483647;
			files = (
				F50187F027DED5450004AE57 /* Animation1.swift in Sources */,
				F50187F227DEDA750004AE57 /* Animation2.swift in Sources */,
				F50187F427DEDF280004AE57 /* Animation3.swift in Sources */,
				F50187E627DED42F0004AE57 /* ContentView.swift in Sources */,
				F50187E427DED42F0004AE57 /* AnimationDemoApp.swift in Sources */,
			);
			runOnlyForDeploymentPostprocessing = 0;
		};
		F558DE0427D4FC5A0081DA20 /* Sources */ = {
			isa = PBXSourcesBuildPhase;
			buildActionMask = 2147483647;
			files = (
				F52F1EA727D5A65000CF5EA4 /* Styles.swift in Sources */,
				F5DC7C222802D4600063B3C7 /* AppearanceSetView.swift in Sources */,
				F5DC7C212802D4600063B3C7 /* AppCardView.swift in Sources */,
				F5DC7C2A2802D46B0063B3C7 /* ThemeData.swift in Sources */,
				F5DC7C1F2802D4600063B3C7 /* ContentView.swift in Sources */,
				F5DC7C232802D4600063B3C7 /* TodayView.swift in Sources */,
				F558DE0C27D4FC5A0081DA20 /* AppStoreApp.swift in Sources */,
				F5DC7C2C2802D46B0063B3C7 /* ThemeModel.swift in Sources */,
				F5B9683127DDF40800D92253 /* Animations.swift in Sources */,
				F5DC7C292802D46B0063B3C7 /* AppSettings.swift in Sources */,
				F5DC7C242802D4600063B3C7 /* AppDetailView.swift in Sources */,
				F5DC7C202802D4600063B3C7 /* ProfileView.swift in Sources */,
				F5B9682F27DDD73A00D92253 /* AppInfo.swift in Sources */,
			);
			runOnlyForDeploymentPostprocessing = 0;
		};
		F558DE1427D4FC5B0081DA20 /* Sources */ = {
			isa = PBXSourcesBuildPhase;
			buildActionMask = 2147483647;
			files = (
				F558DE1D27D4FC5B0081DA20 /* AppStoreTests.swift in Sources */,
			);
			runOnlyForDeploymentPostprocessing = 0;
		};
		F558DE1E27D4FC5B0081DA20 /* Sources */ = {
			isa = PBXSourcesBuildPhase;
			buildActionMask = 2147483647;
			files = (
				F558DE2927D4FC5B0081DA20 /* AppStoreUITestsLaunchTests.swift in Sources */,
				F558DE2727D4FC5B0081DA20 /* AppStoreUITests.swift in Sources */,
			);
			runOnlyForDeploymentPostprocessing = 0;
		};
/* End PBXSourcesBuildPhase section */

/* Begin PBXTargetDependency section */
		F558DE1A27D4FC5B0081DA20 /* PBXTargetDependency */ = {
			isa = PBXTargetDependency;
			target = F558DE0727D4FC5A0081DA20 /* AppStore */;
			targetProxy = F558DE1927D4FC5B0081DA20 /* PBXContainerItemProxy */;
		};
		F558DE2427D4FC5B0081DA20 /* PBXTargetDependency */ = {
			isa = PBXTargetDependency;
			target = F558DE0727D4FC5A0081DA20 /* AppStore */;
			targetProxy = F558DE2327D4FC5B0081DA20 /* PBXContainerItemProxy */;
		};
/* End PBXTargetDependency section */

/* Begin XCBuildConfiguration section */
		F50187ED27DED4300004AE57 /* Debug */ = {
			isa = XCBuildConfiguration;
			buildSettings = {
				ASSETCATALOG_COMPILER_APPICON_NAME = AppIcon;
				ASSETCATALOG_COMPILER_GLOBAL_ACCENT_COLOR_NAME = AccentColor;
				CODE_SIGN_STYLE = Automatic;
				CURRENT_PROJECT_VERSION = 1;
				DEVELOPMENT_ASSET_PATHS = "\"AnimationDemo/Preview Content\"";
				DEVELOPMENT_TEAM = FH2427845K;
				ENABLE_PREVIEWS = YES;
				GENERATE_INFOPLIST_FILE = YES;
				INFOPLIST_KEY_UIApplicationSceneManifest_Generation = YES;
				INFOPLIST_KEY_UIApplicationSupportsIndirectInputEvents = YES;
				INFOPLIST_KEY_UILaunchScreen_Generation = YES;
				INFOPLIST_KEY_UISupportedInterfaceOrientations_iPad = "UIInterfaceOrientationPortrait UIInterfaceOrientationPortraitUpsideDown UIInterfaceOrientationLandscapeLeft UIInterfaceOrientationLandscapeRight";
				INFOPLIST_KEY_UISupportedInterfaceOrientations_iPhone = "UIInterfaceOrientationPortrait UIInterfaceOrientationLandscapeLeft UIInterfaceOrientationLandscapeRight";
				LD_RUNPATH_SEARCH_PATHS = (
					"$(inherited)",
					"@executable_path/Frameworks",
				);
				MARKETING_VERSION = 1.0;
				PRODUCT_BUNDLE_IDENTIFIER = cn.duoweibiaoge.AnimationDemo;
				PRODUCT_NAME = "$(TARGET_NAME)";
				SWIFT_EMIT_LOC_STRINGS = YES;
				SWIFT_VERSION = 5.0;
				TARGETED_DEVICE_FAMILY = "1,2";
			};
			name = Debug;
		};
		F50187EE27DED4300004AE57 /* Release */ = {
			isa = XCBuildConfiguration;
			buildSettings = {
				ASSETCATALOG_COMPILER_APPICON_NAME = AppIcon;
				ASSETCATALOG_COMPILER_GLOBAL_ACCENT_COLOR_NAME = AccentColor;
				CODE_SIGN_STYLE = Automatic;
				CURRENT_PROJECT_VERSION = 1;
				DEVELOPMENT_ASSET_PATHS = "\"AnimationDemo/Preview Content\"";
				DEVELOPMENT_TEAM = FH2427845K;
				ENABLE_PREVIEWS = YES;
				GENERATE_INFOPLIST_FILE = YES;
				INFOPLIST_KEY_UIApplicationSceneManifest_Generation = YES;
				INFOPLIST_KEY_UIApplicationSupportsIndirectInputEvents = YES;
				INFOPLIST_KEY_UILaunchScreen_Generation = YES;
				INFOPLIST_KEY_UISupportedInterfaceOrientations_iPad = "UIInterfaceOrientationPortrait UIInterfaceOrientationPortraitUpsideDown UIInterfaceOrientationLandscapeLeft UIInterfaceOrientationLandscapeRight";
				INFOPLIST_KEY_UISupportedInterfaceOrientations_iPhone = "UIInterfaceOrientationPortrait UIInterfaceOrientationLandscapeLeft UIInterfaceOrientationLandscapeRight";
				LD_RUNPATH_SEARCH_PATHS = (
					"$(inherited)",
					"@executable_path/Frameworks",
				);
				MARKETING_VERSION = 1.0;
				PRODUCT_BUNDLE_IDENTIFIER = cn.duoweibiaoge.AnimationDemo;
				PRODUCT_NAME = "$(TARGET_NAME)";
				SWIFT_EMIT_LOC_STRINGS = YES;
				SWIFT_VERSION = 5.0;
				TARGETED_DEVICE_FAMILY = "1,2";
			};
			name = Release;
		};
		F558DE2A27D4FC5B0081DA20 /* Debug */ = {
			isa = XCBuildConfiguration;
			buildSettings = {
				ALWAYS_SEARCH_USER_PATHS = NO;
				CLANG_ANALYZER_NONNULL = YES;
				CLANG_ANALYZER_NUMBER_OBJECT_CONVERSION = YES_AGGRESSIVE;
				CLANG_CXX_LANGUAGE_STANDARD = "gnu++17";
				CLANG_CXX_LIBRARY = "libc++";
				CLANG_ENABLE_MODULES = YES;
				CLANG_ENABLE_OBJC_ARC = YES;
				CLANG_ENABLE_OBJC_WEAK = YES;
				CLANG_WARN_BLOCK_CAPTURE_AUTORELEASING = YES;
				CLANG_WARN_BOOL_CONVERSION = YES;
				CLANG_WARN_COMMA = YES;
				CLANG_WARN_CONSTANT_CONVERSION = YES;
				CLANG_WARN_DEPRECATED_OBJC_IMPLEMENTATIONS = YES;
				CLANG_WARN_DIRECT_OBJC_ISA_USAGE = YES_ERROR;
				CLANG_WARN_DOCUMENTATION_COMMENTS = YES;
				CLANG_WARN_EMPTY_BODY = YES;
				CLANG_WARN_ENUM_CONVERSION = YES;
				CLANG_WARN_INFINITE_RECURSION = YES;
				CLANG_WARN_INT_CONVERSION = YES;
				CLANG_WARN_NON_LITERAL_NULL_CONVERSION = YES;
				CLANG_WARN_OBJC_IMPLICIT_RETAIN_SELF = YES;
				CLANG_WARN_OBJC_LITERAL_CONVERSION = YES;
				CLANG_WARN_OBJC_ROOT_CLASS = YES_ERROR;
				CLANG_WARN_QUOTED_INCLUDE_IN_FRAMEWORK_HEADER = YES;
				CLANG_WARN_RANGE_LOOP_ANALYSIS = YES;
				CLANG_WARN_STRICT_PROTOTYPES = YES;
				CLANG_WARN_SUSPICIOUS_MOVE = YES;
				CLANG_WARN_UNGUARDED_AVAILABILITY = YES_AGGRESSIVE;
				CLANG_WARN_UNREACHABLE_CODE = YES;
				CLANG_WARN__DUPLICATE_METHOD_MATCH = YES;
				COPY_PHASE_STRIP = NO;
				DEBUG_INFORMATION_FORMAT = dwarf;
				ENABLE_STRICT_OBJC_MSGSEND = YES;
				ENABLE_TESTABILITY = YES;
				GCC_C_LANGUAGE_STANDARD = gnu11;
				GCC_DYNAMIC_NO_PIC = NO;
				GCC_NO_COMMON_BLOCKS = YES;
				GCC_OPTIMIZATION_LEVEL = 0;
				GCC_PREPROCESSOR_DEFINITIONS = (
					"DEBUG=1",
					"$(inherited)",
				);
				GCC_WARN_64_TO_32_BIT_CONVERSION = YES;
				GCC_WARN_ABOUT_RETURN_TYPE = YES_ERROR;
				GCC_WARN_UNDECLARED_SELECTOR = YES;
				GCC_WARN_UNINITIALIZED_AUTOS = YES_AGGRESSIVE;
				GCC_WARN_UNUSED_FUNCTION = YES;
				GCC_WARN_UNUSED_VARIABLE = YES;
				IPHONEOS_DEPLOYMENT_TARGET = 15.2;
				MTL_ENABLE_DEBUG_INFO = INCLUDE_SOURCE;
				MTL_FAST_MATH = YES;
				ONLY_ACTIVE_ARCH = YES;
				SDKROOT = iphoneos;
				SWIFT_ACTIVE_COMPILATION_CONDITIONS = DEBUG;
				SWIFT_OPTIMIZATION_LEVEL = "-Onone";
			};
			name = Debug;
		};
		F558DE2B27D4FC5B0081DA20 /* Release */ = {
			isa = XCBuildConfiguration;
			buildSettings = {
				ALWAYS_SEARCH_USER_PATHS = NO;
				CLANG_ANALYZER_NONNULL = YES;
				CLANG_ANALYZER_NUMBER_OBJECT_CONVERSION = YES_AGGRESSIVE;
				CLANG_CXX_LANGUAGE_STANDARD = "gnu++17";
				CLANG_CXX_LIBRARY = "libc++";
				CLANG_ENABLE_MODULES = YES;
				CLANG_ENABLE_OBJC_ARC = YES;
				CLANG_ENABLE_OBJC_WEAK = YES;
				CLANG_WARN_BLOCK_CAPTURE_AUTORELEASING = YES;
				CLANG_WARN_BOOL_CONVERSION = YES;
				CLANG_WARN_COMMA = YES;
				CLANG_WARN_CONSTANT_CONVERSION = YES;
				CLANG_WARN_DEPRECATED_OBJC_IMPLEMENTATIONS = YES;
				CLANG_WARN_DIRECT_OBJC_ISA_USAGE = YES_ERROR;
				CLANG_WARN_DOCUMENTATION_COMMENTS = YES;
				CLANG_WARN_EMPTY_BODY = YES;
				CLANG_WARN_ENUM_CONVERSION = YES;
				CLANG_WARN_INFINITE_RECURSION = YES;
				CLANG_WARN_INT_CONVERSION = YES;
				CLANG_WARN_NON_LITERAL_NULL_CONVERSION = YES;
				CLANG_WARN_OBJC_IMPLICIT_RETAIN_SELF = YES;
				CLANG_WARN_OBJC_LITERAL_CONVERSION = YES;
				CLANG_WARN_OBJC_ROOT_CLASS = YES_ERROR;
				CLANG_WARN_QUOTED_INCLUDE_IN_FRAMEWORK_HEADER = YES;
				CLANG_WARN_RANGE_LOOP_ANALYSIS = YES;
				CLANG_WARN_STRICT_PROTOTYPES = YES;
				CLANG_WARN_SUSPICIOUS_MOVE = YES;
				CLANG_WARN_UNGUARDED_AVAILABILITY = YES_AGGRESSIVE;
				CLANG_WARN_UNREACHABLE_CODE = YES;
				CLANG_WARN__DUPLICATE_METHOD_MATCH = YES;
				COPY_PHASE_STRIP = NO;
				DEBUG_INFORMATION_FORMAT = "dwarf-with-dsym";
				ENABLE_NS_ASSERTIONS = NO;
				ENABLE_STRICT_OBJC_MSGSEND = YES;
				GCC_C_LANGUAGE_STANDARD = gnu11;
				GCC_NO_COMMON_BLOCKS = YES;
				GCC_WARN_64_TO_32_BIT_CONVERSION = YES;
				GCC_WARN_ABOUT_RETURN_TYPE = YES_ERROR;
				GCC_WARN_UNDECLARED_SELECTOR = YES;
				GCC_WARN_UNINITIALIZED_AUTOS = YES_AGGRESSIVE;
				GCC_WARN_UNUSED_FUNCTION = YES;
				GCC_WARN_UNUSED_VARIABLE = YES;
				IPHONEOS_DEPLOYMENT_TARGET = 15.2;
				MTL_ENABLE_DEBUG_INFO = NO;
				MTL_FAST_MATH = YES;
				SDKROOT = iphoneos;
				SWIFT_COMPILATION_MODE = wholemodule;
				SWIFT_OPTIMIZATION_LEVEL = "-O";
				VALIDATE_PRODUCT = YES;
			};
			name = Release;
		};
		F558DE2D27D4FC5B0081DA20 /* Debug */ = {
			isa = XCBuildConfiguration;
			buildSettings = {
				ASSETCATALOG_COMPILER_APPICON_NAME = AppIcon;
				ASSETCATALOG_COMPILER_GLOBAL_ACCENT_COLOR_NAME = AccentColor;
				ASSETCATALOG_COMPILER_INCLUDE_ALL_APPICON_ASSETS = YES;
				CODE_SIGN_STYLE = Automatic;
				CURRENT_PROJECT_VERSION = 1;
				DEVELOPMENT_ASSET_PATHS = "\"AppStore/Preview Content\"";
				DEVELOPMENT_TEAM = FH2427845K;
				ENABLE_PREVIEWS = YES;
				GENERATE_INFOPLIST_FILE = YES;
				INFOPLIST_KEY_UIApplicationSceneManifest_Generation = YES;
				INFOPLIST_KEY_UIApplicationSupportsIndirectInputEvents = YES;
				INFOPLIST_KEY_UILaunchScreen_Generation = YES;
				INFOPLIST_KEY_UISupportedInterfaceOrientations_iPad = "UIInterfaceOrientationPortrait UIInterfaceOrientationPortraitUpsideDown UIInterfaceOrientationLandscapeLeft UIInterfaceOrientationLandscapeRight";
				INFOPLIST_KEY_UISupportedInterfaceOrientations_iPhone = "UIInterfaceOrientationPortrait UIInterfaceOrientationLandscapeLeft UIInterfaceOrientationLandscapeRight";
				LD_RUNPATH_SEARCH_PATHS = (
					"$(inherited)",
					"@executable_path/Frameworks",
				);
				MARKETING_VERSION = 1.0;
				PRODUCT_BUNDLE_IDENTIFIER = cn.duoweibiaoge.MyAppStore;
				PRODUCT_NAME = MyAppStore;
				SWIFT_EMIT_LOC_STRINGS = YES;
				SWIFT_VERSION = 5.0;
				TARGETED_DEVICE_FAMILY = "1,2";
			};
			name = Debug;
		};
		F558DE2E27D4FC5B0081DA20 /* Release */ = {
			isa = XCBuildConfiguration;
			buildSettings = {
				ASSETCATALOG_COMPILER_APPICON_NAME = AppIcon;
				ASSETCATALOG_COMPILER_GLOBAL_ACCENT_COLOR_NAME = AccentColor;
				ASSETCATALOG_COMPILER_INCLUDE_ALL_APPICON_ASSETS = YES;
				CODE_SIGN_STYLE = Automatic;
				CURRENT_PROJECT_VERSION = 1;
				DEVELOPMENT_ASSET_PATHS = "\"AppStore/Preview Content\"";
				DEVELOPMENT_TEAM = FH2427845K;
				ENABLE_PREVIEWS = YES;
				GENERATE_INFOPLIST_FILE = YES;
				INFOPLIST_KEY_UIApplicationSceneManifest_Generation = YES;
				INFOPLIST_KEY_UIApplicationSupportsIndirectInputEvents = YES;
				INFOPLIST_KEY_UILaunchScreen_Generation = YES;
				INFOPLIST_KEY_UISupportedInterfaceOrientations_iPad = "UIInterfaceOrientationPortrait UIInterfaceOrientationPortraitUpsideDown UIInterfaceOrientationLandscapeLeft UIInterfaceOrientationLandscapeRight";
				INFOPLIST_KEY_UISupportedInterfaceOrientations_iPhone = "UIInterfaceOrientationPortrait UIInterfaceOrientationLandscapeLeft UIInterfaceOrientationLandscapeRight";
				LD_RUNPATH_SEARCH_PATHS = (
					"$(inherited)",
					"@executable_path/Frameworks",
				);
				MARKETING_VERSION = 1.0;
				PRODUCT_BUNDLE_IDENTIFIER = cn.duoweibiaoge.MyAppStore;
				PRODUCT_NAME = MyAppStore;
				SWIFT_EMIT_LOC_STRINGS = YES;
				SWIFT_VERSION = 5.0;
				TARGETED_DEVICE_FAMILY = "1,2";
			};
			name = Release;
		};
		F558DE3027D4FC5B0081DA20 /* Debug */ = {
			isa = XCBuildConfiguration;
			buildSettings = {
				ALWAYS_EMBED_SWIFT_STANDARD_LIBRARIES = YES;
				BUNDLE_LOADER = "$(TEST_HOST)";
				CODE_SIGN_STYLE = Automatic;
				CURRENT_PROJECT_VERSION = 1;
				DEVELOPMENT_TEAM = FH2427845K;
				GENERATE_INFOPLIST_FILE = YES;
				IPHONEOS_DEPLOYMENT_TARGET = 15.2;
				MARKETING_VERSION = 1.0;
				PRODUCT_BUNDLE_IDENTIFIER = com.apple.AppStoreTests;
				PRODUCT_NAME = "$(TARGET_NAME)";
				SWIFT_EMIT_LOC_STRINGS = NO;
				SWIFT_VERSION = 5.0;
				TARGETED_DEVICE_FAMILY = "1,2";
				TEST_HOST = "$(BUILT_PRODUCTS_DIR)/AppStore.app/AppStore";
			};
			name = Debug;
		};
		F558DE3127D4FC5B0081DA20 /* Release */ = {
			isa = XCBuildConfiguration;
			buildSettings = {
				ALWAYS_EMBED_SWIFT_STANDARD_LIBRARIES = YES;
				BUNDLE_LOADER = "$(TEST_HOST)";
				CODE_SIGN_STYLE = Automatic;
				CURRENT_PROJECT_VERSION = 1;
				DEVELOPMENT_TEAM = FH2427845K;
				GENERATE_INFOPLIST_FILE = YES;
				IPHONEOS_DEPLOYMENT_TARGET = 15.2;
				MARKETING_VERSION = 1.0;
				PRODUCT_BUNDLE_IDENTIFIER = com.apple.AppStoreTests;
				PRODUCT_NAME = "$(TARGET_NAME)";
				SWIFT_EMIT_LOC_STRINGS = NO;
				SWIFT_VERSION = 5.0;
				TARGETED_DEVICE_FAMILY = "1,2";
				TEST_HOST = "$(BUILT_PRODUCTS_DIR)/AppStore.app/AppStore";
			};
			name = Release;
		};
		F558DE3327D4FC5B0081DA20 /* Debug */ = {
			isa = XCBuildConfiguration;
			buildSettings = {
				ALWAYS_EMBED_SWIFT_STANDARD_LIBRARIES = YES;
				CODE_SIGN_STYLE = Automatic;
				CURRENT_PROJECT_VERSION = 1;
				DEVELOPMENT_TEAM = FH2427845K;
				GENERATE_INFOPLIST_FILE = YES;
				MARKETING_VERSION = 1.0;
				PRODUCT_BUNDLE_IDENTIFIER = com.apple.AppStoreUITests;
				PRODUCT_NAME = "$(TARGET_NAME)";
				SWIFT_EMIT_LOC_STRINGS = NO;
				SWIFT_VERSION = 5.0;
				TARGETED_DEVICE_FAMILY = "1,2";
				TEST_TARGET_NAME = AppStore;
			};
			name = Debug;
		};
		F558DE3427D4FC5B0081DA20 /* Release */ = {
			isa = XCBuildConfiguration;
			buildSettings = {
				ALWAYS_EMBED_SWIFT_STANDARD_LIBRARIES = YES;
				CODE_SIGN_STYLE = Automatic;
				CURRENT_PROJECT_VERSION = 1;
				DEVELOPMENT_TEAM = FH2427845K;
				GENERATE_INFOPLIST_FILE = YES;
				MARKETING_VERSION = 1.0;
				PRODUCT_BUNDLE_IDENTIFIER = com.apple.AppStoreUITests;
				PRODUCT_NAME = "$(TARGET_NAME)";
				SWIFT_EMIT_LOC_STRINGS = NO;
				SWIFT_VERSION = 5.0;
				TARGETED_DEVICE_FAMILY = "1,2";
				TEST_TARGET_NAME = AppStore;
			};
			name = Release;
		};
/* End XCBuildConfiguration section */

/* Begin XCConfigurationList section */
		F50187EC27DED4300004AE57 /* Build configuration list for PBXNativeTarget "AnimationDemo" */ = {
			isa = XCConfigurationList;
			buildConfigurations = (
				F50187ED27DED4300004AE57 /* Debug */,
				F50187EE27DED4300004AE57 /* Release */,
			);
			defaultConfigurationIsVisible = 0;
			defaultConfigurationName = Release;
		};
		F558DE0327D4FC5A0081DA20 /* Build configuration list for PBXProject "AppStore" */ = {
			isa = XCConfigurationList;
			buildConfigurations = (
				F558DE2A27D4FC5B0081DA20 /* Debug */,
				F558DE2B27D4FC5B0081DA20 /* Release */,
			);
			defaultConfigurationIsVisible = 0;
			defaultConfigurationName = Release;
		};
		F558DE2C27D4FC5B0081DA20 /* Build configuration list for PBXNativeTarget "AppStore" */ = {
			isa = XCConfigurationList;
			buildConfigurations = (
				F558DE2D27D4FC5B0081DA20 /* Debug */,
				F558DE2E27D4FC5B0081DA20 /* Release */,
			);
			defaultConfigurationIsVisible = 0;
			defaultConfigurationName = Release;
		};
		F558DE2F27D4FC5B0081DA20 /* Build configuration list for PBXNativeTarget "AppStoreTests" */ = {
			isa = XCConfigurationList;
			buildConfigurations = (
				F558DE3027D4FC5B0081DA20 /* Debug */,
				F558DE3127D4FC5B0081DA20 /* Release */,
			);
			defaultConfigurationIsVisible = 0;
			defaultConfigurationName = Release;
		};
		F558DE3227D4FC5B0081DA20 /* Build configuration list for PBXNativeTarget "AppStoreUITests" */ = {
			isa = XCConfigurationList;
			buildConfigurations = (
				F558DE3327D4FC5B0081DA20 /* Debug */,
				F558DE3427D4FC5B0081DA20 /* Release */,
			);
			defaultConfigurationIsVisible = 0;
			defaultConfigurationName = Release;
		};
/* End XCConfigurationList section */
	};
	rootObject = F558DE0027D4FC5A0081DA20 /* Project object */;
}
